# THIS IS AN AUTOGENERATED FILE. DO NOT EDIT THIS FILE DIRECTLY.
# yarn lockfile v1


prettier-plugin-razor@^1.0.11-alpha.1:
  version "1.0.11-alpha.1"
  resolved "https://registry.yarnpkg.com/prettier-plugin-razor/-/prettier-plugin-razor-1.0.11-alpha.1.tgz#91f22457dc3560b5fa187710152c36134848ba2e"
  integrity sha512-XZtefh/yOu70oqdqF1uzGLn/gBG/8gId/4G45mSpdgzrvMH4XxlAeDCtepG4+uN3JwV2z8jwj4I1/PgrnFS3fA==
  dependencies:
    prettier "^1.15.3"
    void-elements "^3.1.0"

prettier-plugin-tailwindcss@^0.2.6:
  version "0.2.6"
  resolved "https://registry.yarnpkg.com/prettier-plugin-tailwindcss/-/prettier-plugin-tailwindcss-0.2.6.tgz#d57e3d960f1a968bf16d2a5846e94f95d6b8add2"
  integrity sha512-F+7XCl9RLF/LPrGdUMHWpsT6TM31JraonAUyE6eBmpqymFvDwyl0ETHsKFHP1NG+sEfv8bmKqnTxEbWQbHPlBA==

prettier@^1.15.3:
  version "1.19.1"
  resolved "https://registry.yarnpkg.com/prettier/-/prettier-1.19.1.tgz#f7d7f5ff8a9cd872a7be4ca142095956a60797cb"
  integrity sha512-s7PoyDv/II1ObgQunCbB9PdLmUcBZcnWOcxDh7O0N/UwDEsHyqkW+Qh28jW+mVuCdx7gLB0BotYI1Y6uI9iyew==

prettier@^2.8.7:
  version "2.8.7"
  resolved "https://registry.yarnpkg.com/prettier/-/prettier-2.8.7.tgz#bb79fc8729308549d28fe3a98fce73d2c0656450"
  integrity sha512-yPngTo3aXUUmyuTjeTUT75txrf+aMh9FiD7q9ZE/i6r0bPb22g4FsE6Y338PQX1bmfy08i9QQCB7/rcUAVntfw==

void-elements@^3.1.0:
  version "3.1.0"
  resolved "https://registry.yarnpkg.com/void-elements/-/void-elements-3.1.0.tgz#614f7fbf8d801f0bb5f0661f5b2f5785750e4f09"
  integrity sha512-Dhxzh5HZuiHQhbvTW9AMetFfBHDMYpo23Uo9btPXgdYP+3T5S+p+jgNy7spra+veYhBP2dCSgxR/i2Y02h5/6w==
